// !$*UTF8*$!
{
	archiveVersion = 1;
	classes = {
	};
	objectVersion = 56;
	objects = {

/* Begin PBXBuildFile section */
		458C84C92A94986800495B15 /* AppDelegate.swift in Sources */ = {isa = PBXBuildFile; fileRef = 458C84C82A94986800495B15 /* AppDelegate.swift */; };
		458C84CB2A94986800495B15 /* SceneDelegate.swift in Sources */ = {isa = PBXBuildFile; fileRef = 458C84CA2A94986800495B15 /* SceneDelegate.swift */; };
		458C84CD2A94986800495B15 /* ViewController.swift in Sources */ = {isa = PBXBuildFile; fileRef = 458C84CC2A94986800495B15 /* ViewController.swift */; };
		458C84D02A94986800495B15 /* Main.storyboard in Resources */ = {isa = PBXBuildFile; fileRef = 458C84CE2A94986800495B15 /* Main.storyboard */; };
		458C84D22A94986A00495B15 /* Assets.xcassets in Resources */ = {isa = PBXBuildFile; fileRef = 458C84D12A94986A00495B15 /* Assets.xcassets */; };
		458C84D52A94986A00495B15 /* LaunchScreen.storyboard in Resources */ = {isa = PBXBuildFile; fileRef = 458C84D32A94986A00495B15 /* LaunchScreen.storyboard */; };
		459CAF152A949AD900397246 /* SnapKit in Frameworks */ = {isa = PBXBuildFile; productRef = 459CAF142A949AD900397246 /* SnapKit */; };
		459CAF172A949CDB00397246 /* ExamFirstViewController.swift in Sources */ = {isa = PBXBuildFile; fileRef = 459CAF162A949CDB00397246 /* ExamFirstViewController.swift */; };
/* End PBXBuildFile section */

/* Begin PBXFileReference section */
		458C84C52A94986800495B15 /* sesac-day26-hw.app */ = {isa = PBXFileReference; explicitFileType = wrapper.application; includeInIndex = 0; path = "sesac-day26-hw.app"; sourceTree = BUILT_PRODUCTS_DIR; };
		458C84C82A94986800495B15 /* AppDelegate.swift */ = {isa = PBXFileReference; lastKnownFileType = sourcecode.swift; path = AppDelegate.swift; sourceTree = "<group>"; };
		458C84CA2A94986800495B15 /* SceneDelegate.swift */ = {isa = PBXFileReference; lastKnownFileType = sourcecode.swift; path = SceneDelegate.swift; sourceTree = "<group>"; };
		458C84CC2A94986800495B15 /* ViewController.swift */ = {isa = PBXFileReference; lastKnownFileType = sourcecode.swift; path = ViewController.swift; sourceTree = "<group>"; };
		458C84CF2A94986800495B15 /* Base */ = {isa = PBXFileReference; lastKnownFileType = file.storyboard; name = Base; path = Base.lproj/Main.storyboard; sourceTree = "<group>"; };
		458C84D12A94986A00495B15 /* Assets.xcassets */ = {isa = PBXFileReference; lastKnownFileType = folder.assetcatalog; path = Assets.xcassets; sourceTree = "<group>"; };
		458C84D42A94986A00495B15 /* Base */ = {isa = PBXFileReference; lastKnownFileType = file.storyboard; name = Base; path = Base.lproj/LaunchScreen.storyboard; sourceTree = "<group>"; };
		458C84D62A94986A00495B15 /* Info.plist */ = {isa = PBXFileReference; lastKnownFileType = text.plist.xml; path = Info.plist; sourceTree = "<group>"; };
		459CAF162A949CDB00397246 /* ExamFirstViewController.swift */ = {isa = PBXFileReference; lastKnownFileType = sourcecode.swift; path = ExamFirstViewController.swift; sourceTree = "<group>"; };
/* End PBXFileReference section */

/* Begin PBXFrameworksBuildPhase section */
		458C84C22A94986800495B15 /* Frameworks */ = {
			isa = PBXFrameworksBuildPhase;
			buildActionMask = 2147483647;
			files = (
				459CAF152A949AD900397246 /* SnapKit in Frameworks */,
			);
			runOnlyForDeploymentPostprocessing = 0;
		};
/* End PBXFrameworksBuildPhase section */

/* Begin PBXGroup section */
		458C84BC2A94986800495B15 = {
			isa = PBXGroup;
			children = (
				458C84C72A94986800495B15 /* sesac-day26-hw */,
				458C84C62A94986800495B15 /* Products */,
			);
			sourceTree = "<group>";
		};
		458C84C62A94986800495B15 /* Products */ = {
			isa = PBXGroup;
			children = (
				458C84C52A94986800495B15 /* sesac-day26-hw.app */,
			);
			name = Products;
			sourceTree = "<group>";
		};
		458C84C72A94986800495B15 /* sesac-day26-hw */ = {
			isa = PBXGroup;
			children = (
				458C84C82A94986800495B15 /* AppDelegate.swift */,
				458C84CA2A94986800495B15 /* SceneDelegate.swift */,
				458C84CC2A94986800495B15 /* ViewController.swift */,
				458C84CE2A94986800495B15 /* Main.storyboard */,
				458C84D12A94986A00495B15 /* Assets.xcassets */,
				458C84D32A94986A00495B15 /* LaunchScreen.storyboard */,
				458C84D62A94986A00495B15 /* Info.plist */,
				459CAF162A949CDB00397246 /* ExamFirstViewController.swift */,
			);
			path = "sesac-day26-hw";
			sourceTree = "<group>";
		};
/* End PBXGroup section */

/* Begin PBXNativeTarget section */
		458C84C42A94986800495B15 /* sesac-day26-hw */ = {
			isa = PBXNativeTarget;
			buildConfigurationList = 458C84D92A94986A00495B15 /* Build configuration list for PBXNativeTarget "sesac-day26-hw" */;
			buildPhases = (
				458C84C12A94986800495B15 /* Sources */,
				458C84C22A94986800495B15 /* Frameworks */,
				458C84C32A94986800495B15 /* Resources */,
			);
			buildRules = (
			);
			dependencies = (
			);
			name = "sesac-day26-hw";
			packageProductDependencies = (
				459CAF142A949AD900397246 /* SnapKit */,
			);
			productName = "sesac-day26-hw";
			productReference = 458C84C52A94986800495B15 /* sesac-day26-hw.app */;
			productType = "com.apple.product-type.application";
		};
/* End PBXNativeTarget section */

/* Begin PBXProject section */
		458C84BD2A94986800495B15 /* Project object */ = {
			isa = PBXProject;
			attributes = {
				BuildIndependentTargetsInParallel = 1;
				LastSwiftUpdateCheck = 1430;
				LastUpgradeCheck = 1430;
				TargetAttributes = {
					458C84C42A94986800495B15 = {
						CreatedOnToolsVersion = 14.3.1;
					};
				};
			};
			buildConfigurationList = 458C84C02A94986800495B15 /* Build configuration list for PBXProject "sesac-day26-hw" */;
			compatibilityVersion = "Xcode 14.0";
			developmentRegion = en;
			hasScannedForEncodings = 0;
			knownRegions = (
				en,
				Base,
			);
			mainGroup = 458C84BC2A94986800495B15;
			packageReferences = (
				459CAF132A949AD900397246 /* XCRemoteSwiftPackageReference "SnapKit" */,
			);
			productRefGroup = 458C84C62A94986800495B15 /* Products */;
			projectDirPath = "";
			projectRoot = "";
			targets = (
				458C84C42A94986800495B15 /* sesac-day26-hw */,
			);
		};
/* End PBXProject section */

/* Begin PBXResourcesBuildPhase section */
		458C84C32A94986800495B15 /* Resources */ = {
			isa = PBXResourcesBuildPhase;
			buildActionMask = 2147483647;
			files = (
				458C84D52A94986A00495B15 /* LaunchScreen.storyboard in Resources */,
				458C84D22A94986A00495B15 /* Assets.xcassets in Resources */,
				458C84D02A94986800495B15 /* Main.storyboard in Resources */,
			);
			runOnlyForDeploymentPostprocessing = 0;
		};
/* End PBXResourcesBuildPhase section */

/* Begin PBXSourcesBuildPhase section */
		458C84C12A94986800495B15 /* Sources */ = {
			isa = PBXSourcesBuildPhase;
			buildActionMask = 2147483647;
			files = (
				458C84CD2A94986800495B15 /* ViewController.swift in Sources */,
				458C84C92A94986800495B15 /* AppDelegate.swift in Sources */,
				459CAF172A949CDB00397246 /* ExamFirstViewController.swift in Sources */,
				458C84CB2A94986800495B15 /* SceneDelegate.swift in Sources */,
			);
			runOnlyForDeploymentPostprocessing = 0;
		};
/* End PBXSourcesBuildPhase section */

/* Begin PBXVariantGroup section */
		458C84CE2A94986800495B15 /* Main.storyboard */ = {
			isa = PBXVariantGroup;
			children = (
				458C84CF2A94986800495B15 /* Base */,
			);
			name = Main.storyboard;
			sourceTree = "<group>";
		};
		458C84D32A94986A00495B15 /* LaunchScreen.storyboard */ = {
			isa = PBXVariantGroup;
			children = (
				458C84D42A94986A00495B15 /* Base */,
			);
			name = LaunchScreen.storyboard;
			sourceTree = "<group>";
		};
/* End PBXVariantGroup section */

/* Begin XCBuildConfiguration section */
		458C84D72A94986A00495B15 /* Debug */ = {
			isa = XCBuildConfiguration;
			buildSettings = {
				ALWAYS_SEARCH_USER_PATHS = NO;
				CLANG_ANALYZER_NONNULL = YES;
				CLANG_ANALYZER_NUMBER_OBJECT_CONVERSION = YES_AGGRESSIVE;
				CLANG_CXX_LANGUAGE_STANDARD = "gnu++20";
				CLANG_ENABLE_MODULES = YES;
				CLANG_ENABLE_OBJC_ARC = YES;
				CLANG_ENABLE_OBJC_WEAK = YES;
				CLANG_WARN_BLOCK_CAPTURE_AUTORELEASING = YES;
				CLANG_WARN_BOOL_CONVERSION = YES;
				CLANG_WARN_COMMA = YES;
				CLANG_WARN_CONSTANT_CONVERSION = YES;
				CLANG_WARN_DEPRECATED_OBJC_IMPLEMENTATIONS = YES;
				CLANG_WARN_DIRECT_OBJC_ISA_USAGE = YES_ERROR;
				CLANG_WARN_DOCUMENTATION_COMMENTS = YES;
				CLANG_WARN_EMPTY_BODY = YES;
				CLANG_WARN_ENUM_CONVERSION = YES;
				CLANG_WARN_INFINITE_RECURSION = YES;
				CLANG_WARN_INT_CONVERSION = YES;
				CLANG_WARN_NON_LITERAL_NULL_CONVERSION = YES;
				CLANG_WARN_OBJC_IMPLICIT_RETAIN_SELF = YES;
				CLANG_WARN_OBJC_LITERAL_CONVERSION = YES;
				CLANG_WARN_OBJC_ROOT_CLASS = YES_ERROR;
				CLANG_WARN_QUOTED_INCLUDE_IN_FRAMEWORK_HEADER = YES;
				CLANG_WARN_RANGE_LOOP_ANALYSIS = YES;
				CLANG_WARN_STRICT_PROTOTYPES = YES;
				CLANG_WARN_SUSPICIOUS_MOVE = YES;
				CLANG_WARN_UNGUARDED_AVAILABILITY = YES_AGGRESSIVE;
				CLANG_WARN_UNREACHABLE_CODE = YES;
				CLANG_WARN__DUPLICATE_METHOD_MATCH = YES;
				COPY_PHASE_STRIP = NO;
				DEBUG_INFORMATION_FORMAT = dwarf;
				ENABLE_STRICT_OBJC_MSGSEND = YES;
				ENABLE_TESTABILITY = YES;
				GCC_C_LANGUAGE_STANDARD = gnu11;
				GCC_DYNAMIC_NO_PIC = NO;
				GCC_NO_COMMON_BLOCKS = YES;
				GCC_OPTIMIZATION_LEVEL = 0;
				GCC_PREPROCESSOR_DEFINITIONS = (
					"DEBUG=1",
					"$(inherited)",
				);
				GCC_WARN_64_TO_32_BIT_CONVERSION = YES;
				GCC_WARN_ABOUT_RETURN_TYPE = YES_ERROR;
				GCC_WARN_UNDECLARED_SELECTOR = YES;
				GCC_WARN_UNINITIALIZED_AUTOS = YES_AGGRESSIVE;
				GCC_WARN_UNUSED_FUNCTION = YES;
				GCC_WARN_UNUSED_VARIABLE = YES;
				IPHONEOS_DEPLOYMENT_TARGET = 16.4;
				MTL_ENABLE_DEBUG_INFO = INCLUDE_SOURCE;
				MTL_FAST_MATH = YES;
				ONLY_ACTIVE_ARCH = YES;
				SDKROOT = iphoneos;
				SWIFT_ACTIVE_COMPILATION_CONDITIONS = DEBUG;
				SWIFT_OPTIMIZATION_LEVEL = "-Onone";
			};
			name = Debug;
		};
		458C84D82A94986A00495B15 /* Release */ = {
			isa = XCBuildConfiguration;
			buildSettings = {
				ALWAYS_SEARCH_USER_PATHS = NO;
				CLANG_ANALYZER_NONNULL = YES;
				CLANG_ANALYZER_NUMBER_OBJECT_CONVERSION = YES_AGGRESSIVE;
				CLANG_CXX_LANGUAGE_STANDARD = "gnu++20";
				CLANG_ENABLE_MODULES = YES;
				CLANG_ENABLE_OBJC_ARC = YES;
				CLANG_ENABLE_OBJC_WEAK = YES;
				CLANG_WARN_BLOCK_CAPTURE_AUTORELEASING = YES;
				CLANG_WARN_BOOL_CONVERSION = YES;
				CLANG_WARN_COMMA = YES;
				CLANG_WARN_CONSTANT_CONVERSION = YES;
				CLANG_WARN_DEPRECATED_OBJC_IMPLEMENTATIONS = YES;
				CLANG_WARN_DIRECT_OBJC_ISA_USAGE = YES_ERROR;
				CLANG_WARN_DOCUMENTATION_COMMENTS = YES;
				CLANG_WARN_EMPTY_BODY = YES;
				CLANG_WARN_ENUM_CONVERSION = YES;
				CLANG_WARN_INFINITE_RECURSION = YES;
				CLANG_WARN_INT_CONVERSION = YES;
				CLANG_WARN_NON_LITERAL_NULL_CONVERSION = YES;
				CLANG_WARN_OBJC_IMPLICIT_RETAIN_SELF = YES;
				CLANG_WARN_OBJC_LITERAL_CONVERSION = YES;
				CLANG_WARN_OBJC_ROOT_CLASS = YES_ERROR;
				CLANG_WARN_QUOTED_INCLUDE_IN_FRAMEWORK_HEADER = YES;
				CLANG_WARN_RANGE_LOOP_ANALYSIS = YES;
				CLANG_WARN_STRICT_PROTOTYPES = YES;
				CLANG_WARN_SUSPICIOUS_MOVE = YES;
				CLANG_WARN_UNGUARDED_AVAILABILITY = YES_AGGRESSIVE;
				CLANG_WARN_UNREACHABLE_CODE = YES;
				CLANG_WARN__DUPLICATE_METHOD_MATCH = YES;
				COPY_PHASE_STRIP = NO;
				DEBUG_INFORMATION_FORMAT = "dwarf-with-dsym";
				ENABLE_NS_ASSERTIONS = NO;
				ENABLE_STRICT_OBJC_MSGSEND = YES;
				GCC_C_LANGUAGE_STANDARD = gnu11;
				GCC_NO_COMMON_BLOCKS = YES;
				GCC_WARN_64_TO_32_BIT_CONVERSION = YES;
				GCC_WARN_ABOUT_RETURN_TYPE = YES_ERROR;
				GCC_WARN_UNDECLARED_SELECTOR = YES;
				GCC_WARN_UNINITIALIZED_AUTOS = YES_AGGRESSIVE;
				GCC_WARN_UNUSED_FUNCTION = YES;
				GCC_WARN_UNUSED_VARIABLE = YES;
				IPHONEOS_DEPLOYMENT_TARGET = 16.4;
				MTL_ENABLE_DEBUG_INFO = NO;
				MTL_FAST_MATH = YES;
				SDKROOT = iphoneos;
				SWIFT_COMPILATION_MODE = wholemodule;
				SWIFT_OPTIMIZATION_LEVEL = "-O";
				VALIDATE_PRODUCT = YES;
			};
			name = Release;
		};
		458C84DA2A94986A00495B15 /* Debug */ = {
			isa = XCBuildConfiguration;
			buildSettings = {
				ASSETCATALOG_COMPILER_APPICON_NAME = AppIcon;
				ASSETCATALOG_COMPILER_GLOBAL_ACCENT_COLOR_NAME = AccentColor;
				CODE_SIGN_STYLE = Automatic;
				CURRENT_PROJECT_VERSION = 1;
				DEVELOPMENT_TEAM = 53XY5968G6;
				GENERATE_INFOPLIST_FILE = YES;
				INFOPLIST_FILE = "sesac-day26-hw/Info.plist";
				INFOPLIST_KEY_UIApplicationSupportsIndirectInputEvents = YES;
				INFOPLIST_KEY_UILaunchStoryboardName = LaunchScreen;
				INFOPLIST_KEY_UIMainStoryboardFile = Main;
				INFOPLIST_KEY_UISupportedInterfaceOrientations_iPad = "UIInterfaceOrientationPortrait UIInterfaceOrientationPortraitUpsideDown UIInterfaceOrientationLandscapeLeft UIInterfaceOrientationLandscapeRight";
				INFOPLIST_KEY_UISupportedInterfaceOrientations_iPhone = "UIInterfaceOrientationPortrait UIInterfaceOrientationLandscapeLeft UIInterfaceOrientationLandscapeRight";
				LD_RUNPATH_SEARCH_PATHS = (
					"$(inherited)",
					"@executable_path/Frameworks",
				);
				MARKETING_VERSION = 1.0;
				PRODUCT_BUNDLE_IDENTIFIER = "dev.gyeoul.sesac-day26-hw";
				PRODUCT_NAME = "$(TARGET_NAME)";
				SWIFT_EMIT_LOC_STRINGS = YES;
				SWIFT_VERSION = 5.0;
				TARGETED_DEVICE_FAMILY = "1,2";
			};
			name = Debug;
		};
		458C84DB2A94986A00495B15 /* Release */ = {
			isa = XCBuildConfiguration;
			buildSettings = {
				ASSETCATALOG_COMPILER_APPICON_NAME = AppIcon;
				ASSETCATALOG_COMPILER_GLOBAL_ACCENT_COLOR_NAME = AccentColor;
				CODE_SIGN_STYLE = Automatic;
				CURRENT_PROJECT_VERSION = 1;
				DEVELOPMENT_TEAM = 53XY5968G6;
				GENERATE_INFOPLIST_FILE = YES;
				INFOPLIST_FILE = "sesac-day26-hw/Info.plist";
				INFOPLIST_KEY_UIApplicationSupportsIndirectInputEvents = YES;
				INFOPLIST_KEY_UILaunchStoryboardName = LaunchScreen;
				INFOPLIST_KEY_UIMainStoryboardFile = Main;
				INFOPLIST_KEY_UISupportedInterfaceOrientations_iPad = "UIInterfaceOrientationPortrait UIInterfaceOrientationPortraitUpsideDown UIInterfaceOrientationLandscapeLeft UIInterfaceOrientationLandscapeRight";
				INFOPLIST_KEY_UISupportedInterfaceOrientations_iPhone = "UIInterfaceOrientationPortrait UIInterfaceOrientationLandscapeLeft UIInterfaceOrientationLandscapeRight";
				LD_RUNPATH_SEARCH_PATHS = (
					"$(inherited)",
					"@executable_path/Frameworks",
				);
				MARKETING_VERSION = 1.0;
				PRODUCT_BUNDLE_IDENTIFIER = "dev.gyeoul.sesac-day26-hw";
				PRODUCT_NAME = "$(TARGET_NAME)";
				SWIFT_EMIT_LOC_STRINGS = YES;
				SWIFT_VERSION = 5.0;
				TARGETED_DEVICE_FAMILY = "1,2";
			};
			name = Release;
		};
/* End XCBuildConfiguration section */

/* Begin XCConfigurationList section */
		458C84C02A94986800495B15 /* Build configuration list for PBXProject "sesac-day26-hw" */ = {
			isa = XCConfigurationList;
			buildConfigurations = (
				458C84D72A94986A00495B15 /* Debug */,
				458C84D82A94986A00495B15 /* Release */,
			);
			defaultConfigurationIsVisible = 0;
			defaultConfigurationName = Release;
		};
		458C84D92A94986A00495B15 /* Build configuration list for PBXNativeTarget "sesac-day26-hw" */ = {
			isa = XCConfigurationList;
			buildConfigurations = (
				458C84DA2A94986A00495B15 /* Debug */,
				458C84DB2A94986A00495B15 /* Release */,
			);
			defaultConfigurationIsVisible = 0;
			defaultConfigurationName = Release;
		};
/* End XCConfigurationList section */

/* Begin XCRemoteSwiftPackageReference section */
		459CAF132A949AD900397246 /* XCRemoteSwiftPackageReference "SnapKit" */ = {
			isa = XCRemoteSwiftPackageReference;
			repositoryURL = "https://github.com/SnapKit/SnapKit.git";
			requirement = {
				kind = upToNextMajorVersion;
				minimumVersion = 5.0.0;
			};
		};
/* End XCRemoteSwiftPackageReference section */

/* Begin XCSwiftPackageProductDependency section */
		459CAF142A949AD900397246 /* SnapKit */ = {
			isa = XCSwiftPackageProductDependency;
			package = 459CAF132A949AD900397246 /* XCRemoteSwiftPackageReference "SnapKit" */;
			productName = SnapKit;
		};
/* End XCSwiftPackageProductDependency section */
	};
	rootObject = 458C84BD2A94986800495B15 /* Project object */;
}
